{
  "requires": true,
  "lockfileVersion": 1,
  "dependencies": {
    "@ngrx/store-devtools": {
      "version": "6.0.1",
      "resolved": "https://registry.npmjs.org/@ngrx/store-devtools/-/store-devtools-6.0.1.tgz",
      "integrity": "sha512-eZyguQvIltJuhCVgPPR1IyMAztykRuvGalwCH1G2ODWKGZPNrWlJbxVMqzUeSJTBS268RIFIkMTwEDKi/xCQoQ=="
    }
  }
}
